
Microsoft Visual Studio Solution File, Format Version 12.00
# Visual Studio Version 17
VisualStudioVersion = 17.8.34316.72
MinimumVisualStudioVersion = 10.0.40219.1
Project("{9A19103F-16F7-4668-BE54-9A1E7A4F7556}") = "DistributedFiltering.Server", "DistributedFiltering.Server\DistributedFiltering.Server.csproj", "{6F238614-478F-462E-8653-836E37131766}"
EndProject
Project("{9A19103F-16F7-4668-BE54-9A1E7A4F7556}") = "DistributedFiltering.Filters", "DistributedFiltering.Filters\DistributedFiltering.Filters.csproj", "{61BB3035-5B42-4F38-A44A-373DD7C64900}"
EndProject
Project("{9A19103F-16F7-4668-BE54-9A1E7A4F7556}") = "DistributedFiltering.Abstractions", "DistributedFiltering.Abstractions\DistributedFiltering.Abstractions.csproj", "{45B61B3F-E5BE-498C-A806-D97907271442}"
EndProject
Project("{9A19103F-16F7-4668-BE54-9A1E7A4F7556}") = "DistributedFiltering.Client", "DistributedFiltering.Client\DistributedFiltering.Client.csproj", "{36A58F7B-F195-45A5-9C5C-47AAB39AE26A}"
EndProject
Project("{2150E333-8FDC-42A3-9474-1A3956D46DE8}") = "Solution Items", "Solution Items", "{D618DCCF-E9BF-49D1-ADF7-51E06765EE25}"
	ProjectSection(SolutionItems) = preProject
		test.ps1 = test.ps1
	EndProjectSection
EndProject
Global
	GlobalSection(SolutionConfigurationPlatforms) = preSolution
		Debug|Any CPU = Debug|Any CPU
		Release|Any CPU = Release|Any CPU
	EndGlobalSection
	GlobalSection(ProjectConfigurationPlatforms) = postSolution
		{6F238614-478F-462E-8653-836E37131766}.Debug|Any CPU.ActiveCfg = Debug|Any CPU
		{6F238614-478F-462E-8653-836E37131766}.Debug|Any CPU.Build.0 = Debug|Any CPU
		{6F238614-478F-462E-8653-836E37131766}.Release|Any CPU.ActiveCfg = Release|Any CPU
		{6F238614-478F-462E-8653-836E37131766}.Release|Any CPU.Build.0 = Release|Any CPU
		{61BB3035-5B42-4F38-A44A-373DD7C64900}.Debug|Any CPU.ActiveCfg = Debug|Any CPU
		{61BB3035-5B42-4F38-A44A-373DD7C64900}.Debug|Any CPU.Build.0 = Debug|Any CPU
		{61BB3035-5B42-4F38-A44A-373DD7C64900}.Release|Any CPU.ActiveCfg = Release|Any CPU
		{61BB3035-5B42-4F38-A44A-373DD7C64900}.Release|Any CPU.Build.0 = Release|Any CPU
		{45B61B3F-E5BE-498C-A806-D97907271442}.Debug|Any CPU.ActiveCfg = Debug|Any CPU
		{45B61B3F-E5BE-498C-A806-D97907271442}.Debug|Any CPU.Build.0 = Debug|Any CPU
		{45B61B3F-E5BE-498C-A806-D97907271442}.Release|Any CPU.ActiveCfg = Release|Any CPU
		{45B61B3F-E5BE-498C-A806-D97907271442}.Release|Any CPU.Build.0 = Release|Any CPU
		{36A58F7B-F195-45A5-9C5C-47AAB39AE26A}.Debug|Any CPU.ActiveCfg = Debug|Any CPU
		{36A58F7B-F195-45A5-9C5C-47AAB39AE26A}.Debug|Any CPU.Build.0 = Debug|Any CPU
		{36A58F7B-F195-45A5-9C5C-47AAB39AE26A}.Release|Any CPU.ActiveCfg = Release|Any CPU
		{36A58F7B-F195-45A5-9C5C-47AAB39AE26A}.Release|Any CPU.Build.0 = Release|Any CPU
	EndGlobalSection
	GlobalSection(SolutionProperties) = preSolution
		HideSolutionNode = FALSE
	EndGlobalSection
	GlobalSection(ExtensibilityGlobals) = postSolution
		SolutionGuid = {FC253C81-7083-4666-AD65-5EEFF2CA30A6}
	EndGlobalSection
EndGlobal
